// !$*UTF8*$!
{
	archiveVersion = 1;
	classes = {
	};
	objectVersion = 46;
	objects = {

/* Begin PBXBuildFile section */
		6250ECFF905FB655F0C6D84D /* libPods.a in Frameworks */ = {isa = PBXBuildFile; fileRef = 5789CAD7FEDDCE006946267E /* libPods.a */; };
		6F8451701C8610770031710C /* CustomeTableViewCell.m in Sources */ = {isa = PBXBuildFile; fileRef = 6F84516F1C8610770031710C /* CustomeTableViewCell.m */; };
		6F982ED01C85560200376BFB /* main.m in Sources */ = {isa = PBXBuildFile; fileRef = 6F982ECF1C85560200376BFB /* main.m */; };
		6F982ED31C85560200376BFB /* AppDelegate.m in Sources */ = {isa = PBXBuildFile; fileRef = 6F982ED21C85560200376BFB /* AppDelegate.m */; };
		6F982ED61C85560200376BFB /* ViewController.m in Sources */ = {isa = PBXBuildFile; fileRef = 6F982ED51C85560200376BFB /* ViewController.m */; };
		6F982ED91C85560200376BFB /* Main.storyboard in Resources */ = {isa = PBXBuildFile; fileRef = 6F982ED71C85560200376BFB /* Main.storyboard */; };
		6F982EDB1C85560200376BFB /* Images.xcassets in Resources */ = {isa = PBXBuildFile; fileRef = 6F982EDA1C85560200376BFB /* Images.xcassets */; };
		6F982EDE1C85560200376BFB /* LaunchScreen.xib in Resources */ = {isa = PBXBuildFile; fileRef = 6F982EDC1C85560200376BFB /* LaunchScreen.xib */; };
		6F982EEA1C85560200376BFB /* DictionaryAppTests.m in Sources */ = {isa = PBXBuildFile; fileRef = 6F982EE91C85560200376BFB /* DictionaryAppTests.m */; };
/* End PBXBuildFile section */

/* Begin PBXContainerItemProxy section */
		6F982EE41C85560200376BFB /* PBXContainerItemProxy */ = {
			isa = PBXContainerItemProxy;
			containerPortal = 6F982EC21C85560100376BFB /* Project object */;
			proxyType = 1;
			remoteGlobalIDString = 6F982EC91C85560200376BFB;
			remoteInfo = DictionaryApp;
		};
/* End PBXContainerItemProxy section */

/* Begin PBXFileReference section */
		0EFC7D4F82C73CDCB08B6506 /* Pods.debug.xcconfig */ = {isa = PBXFileReference; includeInIndex = 1; lastKnownFileType = text.xcconfig; name = Pods.debug.xcconfig; path = "Pods/Target Support Files/Pods/Pods.debug.xcconfig"; sourceTree = "<group>"; };
		5789CAD7FEDDCE006946267E /* libPods.a */ = {isa = PBXFileReference; explicitFileType = archive.ar; includeInIndex = 0; path = libPods.a; sourceTree = BUILT_PRODUCTS_DIR; };
		6F84516E1C8610770031710C /* CustomeTableViewCell.h */ = {isa = PBXFileReference; fileEncoding = 4; lastKnownFileType = sourcecode.c.h; path = CustomeTableViewCell.h; sourceTree = "<group>"; };
		6F84516F1C8610770031710C /* CustomeTableViewCell.m */ = {isa = PBXFileReference; fileEncoding = 4; lastKnownFileType = sourcecode.c.objc; path = CustomeTableViewCell.m; sourceTree = "<group>"; };
		6F982ECA1C85560200376BFB /* DictionaryApp.app */ = {isa = PBXFileReference; explicitFileType = wrapper.application; includeInIndex = 0; path = DictionaryApp.app; sourceTree = BUILT_PRODUCTS_DIR; };
		6F982ECE1C85560200376BFB /* Info.plist */ = {isa = PBXFileReference; lastKnownFileType = text.plist.xml; path = Info.plist; sourceTree = "<group>"; };
		6F982ECF1C85560200376BFB /* main.m */ = {isa = PBXFileReference; lastKnownFileType = sourcecode.c.objc; path = main.m; sourceTree = "<group>"; };
		6F982ED11C85560200376BFB /* AppDelegate.h */ = {isa = PBXFileReference; lastKnownFileType = sourcecode.c.h; path = AppDelegate.h; sourceTree = "<group>"; };
		6F982ED21C85560200376BFB /* AppDelegate.m */ = {isa = PBXFileReference; lastKnownFileType = sourcecode.c.objc; path = AppDelegate.m; sourceTree = "<group>"; };
		6F982ED41C85560200376BFB /* ViewController.h */ = {isa = PBXFileReference; lastKnownFileType = sourcecode.c.h; path = ViewController.h; sourceTree = "<group>"; };
		6F982ED51C85560200376BFB /* ViewController.m */ = {isa = PBXFileReference; lastKnownFileType = sourcecode.c.objc; path = ViewController.m; sourceTree = "<group>"; };
		6F982ED81C85560200376BFB /* Base */ = {isa = PBXFileReference; lastKnownFileType = file.storyboard; name = Base; path = Base.lproj/Main.storyboard; sourceTree = "<group>"; };
		6F982EDA1C85560200376BFB /* Images.xcassets */ = {isa = PBXFileReference; lastKnownFileType = folder.assetcatalog; path = Images.xcassets; sourceTree = "<group>"; };
		6F982EDD1C85560200376BFB /* Base */ = {isa = PBXFileReference; lastKnownFileType = file.xib; name = Base; path = Base.lproj/LaunchScreen.xib; sourceTree = "<group>"; };
		6F982EE31C85560200376BFB /* DictionaryAppTests.xctest */ = {isa = PBXFileReference; explicitFileType = wrapper.cfbundle; includeInIndex = 0; path = DictionaryAppTests.xctest; sourceTree = BUILT_PRODUCTS_DIR; };
		6F982EE81C85560200376BFB /* Info.plist */ = {isa = PBXFileReference; lastKnownFileType = text.plist.xml; path = Info.plist; sourceTree = "<group>"; };
		6F982EE91C85560200376BFB /* DictionaryAppTests.m */ = {isa = PBXFileReference; lastKnownFileType = sourcecode.c.objc; path = DictionaryAppTests.m; sourceTree = "<group>"; };
		88DC21076314BB08751D614E /* Pods.release.xcconfig */ = {isa = PBXFileReference; includeInIndex = 1; lastKnownFileType = text.xcconfig; name = Pods.release.xcconfig; path = "Pods/Target Support Files/Pods/Pods.release.xcconfig"; sourceTree = "<group>"; };
/* End PBXFileReference section */

/* Begin PBXFrameworksBuildPhase section */
		6F982EC71C85560200376BFB /* Frameworks */ = {
			isa = PBXFrameworksBuildPhase;
			buildActionMask = 2147483647;
			files = (
				6250ECFF905FB655F0C6D84D /* libPods.a in Frameworks */,
			);
			runOnlyForDeploymentPostprocessing = 0;
		};
		6F982EE01C85560200376BFB /* Frameworks */ = {
			isa = PBXFrameworksBuildPhase;
			buildActionMask = 2147483647;
			files = (
			);
			runOnlyForDeploymentPostprocessing = 0;
		};
/* End PBXFrameworksBuildPhase section */

/* Begin PBXGroup section */
		6F982EC11C85560100376BFB = {
			isa = PBXGroup;
			children = (
				6F982ECC1C85560200376BFB /* DictionaryApp */,
				6F982EE61C85560200376BFB /* DictionaryAppTests */,
				6F982ECB1C85560200376BFB /* Products */,
				A42788077A819C0C94369F01 /* Pods */,
				B271DFA839EF14160C40CE10 /* Frameworks */,
			);
			sourceTree = "<group>";
		};
		6F982ECB1C85560200376BFB /* Products */ = {
			isa = PBXGroup;
			children = (
				6F982ECA1C85560200376BFB /* DictionaryApp.app */,
				6F982EE31C85560200376BFB /* DictionaryAppTests.xctest */,
			);
			name = Products;
			sourceTree = "<group>";
		};
		6F982ECC1C85560200376BFB /* DictionaryApp */ = {
			isa = PBXGroup;
			children = (
				6F84516E1C8610770031710C /* CustomeTableViewCell.h */,
				6F84516F1C8610770031710C /* CustomeTableViewCell.m */,
				6F982ED11C85560200376BFB /* AppDelegate.h */,
				6F982ED21C85560200376BFB /* AppDelegate.m */,
				6F982ED41C85560200376BFB /* ViewController.h */,
				6F982ED51C85560200376BFB /* ViewController.m */,
				6F982ED71C85560200376BFB /* Main.storyboard */,
				6F982EDA1C85560200376BFB /* Images.xcassets */,
				6F982EDC1C85560200376BFB /* LaunchScreen.xib */,
				6F982ECD1C85560200376BFB /* Supporting Files */,
			);
			path = DictionaryApp;
			sourceTree = "<group>";
		};
		6F982ECD1C85560200376BFB /* Supporting Files */ = {
			isa = PBXGroup;
			children = (
				6F982ECE1C85560200376BFB /* Info.plist */,
				6F982ECF1C85560200376BFB /* main.m */,
			);
			name = "Supporting Files";
			sourceTree = "<group>";
		};
		6F982EE61C85560200376BFB /* DictionaryAppTests */ = {
			isa = PBXGroup;
			children = (
				6F982EE91C85560200376BFB /* DictionaryAppTests.m */,
				6F982EE71C85560200376BFB /* Supporting Files */,
			);
			path = DictionaryAppTests;
			sourceTree = "<group>";
		};
		6F982EE71C85560200376BFB /* Supporting Files */ = {
			isa = PBXGroup;
			children = (
				6F982EE81C85560200376BFB /* Info.plist */,
			);
			name = "Supporting Files";
			sourceTree = "<group>";
		};
		A42788077A819C0C94369F01 /* Pods */ = {
			isa = PBXGroup;
			children = (
				0EFC7D4F82C73CDCB08B6506 /* Pods.debug.xcconfig */,
				88DC21076314BB08751D614E /* Pods.release.xcconfig */,
			);
			name = Pods;
			sourceTree = "<group>";
		};
		B271DFA839EF14160C40CE10 /* Frameworks */ = {
			isa = PBXGroup;
			children = (
				5789CAD7FEDDCE006946267E /* libPods.a */,
			);
			name = Frameworks;
			sourceTree = "<group>";
		};
/* End PBXGroup section */

/* Begin PBXNativeTarget section */
		6F982EC91C85560200376BFB /* DictionaryApp */ = {
			isa = PBXNativeTarget;
			buildConfigurationList = 6F982EED1C85560200376BFB /* Build configuration list for PBXNativeTarget "DictionaryApp" */;
			buildPhases = (
				4EB47011DCBA830C71646AF2 /* Check Pods Manifest.lock */,
				6F982EC61C85560200376BFB /* Sources */,
				6F982EC71C85560200376BFB /* Frameworks */,
				6F982EC81C85560200376BFB /* Resources */,
				3ECBE53EE9B62564C03FE9FD /* Embed Pods Frameworks */,
				B4E9ED7A3E78EE3A1BF080BD /* Copy Pods Resources */,
			);
			buildRules = (
			);
			dependencies = (
			);
			name = DictionaryApp;
			productName = DictionaryApp;
			productReference = 6F982ECA1C85560200376BFB /* DictionaryApp.app */;
			productType = "com.apple.product-type.application";
		};
		6F982EE21C85560200376BFB /* DictionaryAppTests */ = {
			isa = PBXNativeTarget;
			buildConfigurationList = 6F982EF01C85560200376BFB /* Build configuration list for PBXNativeTarget "DictionaryAppTests" */;
			buildPhases = (
				6F982EDF1C85560200376BFB /* Sources */,
				6F982EE01C85560200376BFB /* Frameworks */,
				6F982EE11C85560200376BFB /* Resources */,
			);
			buildRules = (
			);
			dependencies = (
				6F982EE51C85560200376BFB /* PBXTargetDependency */,
			);
			name = DictionaryAppTests;
			productName = DictionaryAppTests;
			productReference = 6F982EE31C85560200376BFB /* DictionaryAppTests.xctest */;
			productType = "com.apple.product-type.bundle.unit-test";
		};
/* End PBXNativeTarget section */

/* Begin PBXProject section */
		6F982EC21C85560100376BFB /* Project object */ = {
			isa = PBXProject;
			attributes = {
				LastUpgradeCheck = 0640;
				ORGANIZATIONNAME = "Fikirte Derso";
				TargetAttributes = {
					6F982EC91C85560200376BFB = {
						CreatedOnToolsVersion = 6.4;
					};
					6F982EE21C85560200376BFB = {
						CreatedOnToolsVersion = 6.4;
						TestTargetID = 6F982EC91C85560200376BFB;
					};
				};
			};
			buildConfigurationList = 6F982EC51C85560200376BFB /* Build configuration list for PBXProject "DictionaryApp" */;
			compatibilityVersion = "Xcode 3.2";
			developmentRegion = English;
			hasScannedForEncodings = 0;
			knownRegions = (
				en,
				Base,
			);
			mainGroup = 6F982EC11C85560100376BFB;
			productRefGroup = 6F982ECB1C85560200376BFB /* Products */;
			projectDirPath = "";
			projectRoot = "";
			targets = (
				6F982EC91C85560200376BFB /* DictionaryApp */,
				6F982EE21C85560200376BFB /* DictionaryAppTests */,
			);
		};
/* End PBXProject section */

/* Begin PBXResourcesBuildPhase section */
		6F982EC81C85560200376BFB /* Resources */ = {
			isa = PBXResourcesBuildPhase;
			buildActionMask = 2147483647;
			files = (
				6F982ED91C85560200376BFB /* Main.storyboard in Resources */,
				6F982EDE1C85560200376BFB /* LaunchScreen.xib in Resources */,
				6F982EDB1C85560200376BFB /* Images.xcassets in Resources */,
			);
			runOnlyForDeploymentPostprocessing = 0;
		};
		6F982EE11C85560200376BFB /* Resources */ = {
			isa = PBXResourcesBuildPhase;
			buildActionMask = 2147483647;
			files = (
			);
			runOnlyForDeploymentPostprocessing = 0;
		};
/* End PBXResourcesBuildPhase section */

/* Begin PBXShellScriptBuildPhase section */
		3ECBE53EE9B62564C03FE9FD /* Embed Pods Frameworks */ = {
			isa = PBXShellScriptBuildPhase;
			buildActionMask = 2147483647;
			files = (
			);
			inputPaths = (
			);
			name = "Embed Pods Frameworks";
			outputPaths = (
			);
			runOnlyForDeploymentPostprocessing = 0;
			shellPath = /bin/sh;
			shellScript = "\"${SRCROOT}/Pods/Target Support Files/Pods/Pods-frameworks.sh\"\n";
			showEnvVarsInLog = 0;
		};
		4EB47011DCBA830C71646AF2 /* Check Pods Manifest.lock */ = {
			isa = PBXShellScriptBuildPhase;
			buildActionMask = 2147483647;
			files = (
			);
			inputPaths = (
			);
			name = "Check Pods Manifest.lock";
			outputPaths = (
			);
			runOnlyForDeploymentPostprocessing = 0;
			shellPath = /bin/sh;
			shellScript = "diff \"${PODS_ROOT}/../Podfile.lock\" \"${PODS_ROOT}/Manifest.lock\" > /dev/null\nif [[ $? != 0 ]] ; then\n    cat << EOM\nerror: The sandbox is not in sync with the Podfile.lock. Run 'pod install' or update your CocoaPods installation.\nEOM\n    exit 1\nfi\n";
			showEnvVarsInLog = 0;
		};
		B4E9ED7A3E78EE3A1BF080BD /* Copy Pods Resources */ = {
			isa = PBXShellScriptBuildPhase;
			buildActionMask = 2147483647;
			files = (
			);
			inputPaths = (
			);
			name = "Copy Pods Resources";
			outputPaths = (
			);
			runOnlyForDeploymentPostprocessing = 0;
			shellPath = /bin/sh;
			shellScript = "\"${SRCROOT}/Pods/Target Support Files/Pods/Pods-resources.sh\"\n";
			showEnvVarsInLog = 0;
		};
/* End PBXShellScriptBuildPhase section */

/* Begin PBXSourcesBuildPhase section */
		6F982EC61C85560200376BFB /* Sources */ = {
			isa = PBXSourcesBuildPhase;
			buildActionMask = 2147483647;
			files = (
				6F8451701C8610770031710C /* CustomeTableViewCell.m in Sources */,
				6F982ED61C85560200376BFB /* ViewController.m in Sources */,
				6F982ED31C85560200376BFB /* AppDelegate.m in Sources */,
				6F982ED01C85560200376BFB /* main.m in Sources */,
			);
			runOnlyForDeploymentPostprocessing = 0;
		};
		6F982EDF1C85560200376BFB /* Sources */ = {
			isa = PBXSourcesBuildPhase;
			buildActionMask = 2147483647;
			files = (
				6F982EEA1C85560200376BFB /* DictionaryAppTests.m in Sources */,
			);
			runOnlyForDeploymentPostprocessing = 0;
		};
/* End PBXSourcesBuildPhase section */

/* Begin PBXTargetDependency section */
		6F982EE51C85560200376BFB /* PBXTargetDependency */ = {
			isa = PBXTargetDependency;
			target = 6F982EC91C85560200376BFB /* DictionaryApp */;
			targetProxy = 6F982EE41C85560200376BFB /* PBXContainerItemProxy */;
		};
/* End PBXTargetDependency section */

/* Begin PBXVariantGroup section */
		6F982ED71C85560200376BFB /* Main.storyboard */ = {
			isa = PBXVariantGroup;
			children = (
				6F982ED81C85560200376BFB /* Base */,
			);
			name = Main.storyboard;
			sourceTree = "<group>";
		};
		6F982EDC1C85560200376BFB /* LaunchScreen.xib */ = {
			isa = PBXVariantGroup;
			children = (
				6F982EDD1C85560200376BFB /* Base */,
			);
			name = LaunchScreen.xib;
			sourceTree = "<group>";
		};
/* End PBXVariantGroup section */

/* Begin XCBuildConfiguration section */
		6F982EEB1C85560200376BFB /* Debug */ = {
			isa = XCBuildConfiguration;
			buildSettings = {
				ALWAYS_SEARCH_USER_PATHS = NO;
				CLANG_CXX_LANGUAGE_STANDARD = "gnu++0x";
				CLANG_CXX_LIBRARY = "libc++";
				CLANG_ENABLE_MODULES = YES;
				CLANG_ENABLE_OBJC_ARC = YES;
				CLANG_WARN_BOOL_CONVERSION = YES;
				CLANG_WARN_CONSTANT_CONVERSION = YES;
				CLANG_WARN_DIRECT_OBJC_ISA_USAGE = YES_ERROR;
				CLANG_WARN_EMPTY_BODY = YES;
				CLANG_WARN_ENUM_CONVERSION = YES;
				CLANG_WARN_INT_CONVERSION = YES;
				CLANG_WARN_OBJC_ROOT_CLASS = YES_ERROR;
				CLANG_WARN_UNREACHABLE_CODE = YES;
				CLANG_WARN__DUPLICATE_METHOD_MATCH = YES;
				"CODE_SIGN_IDENTITY[sdk=iphoneos*]" = "iPhone Developer";
				COPY_PHASE_STRIP = NO;
				DEBUG_INFORMATION_FORMAT = "dwarf-with-dsym";
				ENABLE_STRICT_OBJC_MSGSEND = YES;
				GCC_C_LANGUAGE_STANDARD = gnu99;
				GCC_DYNAMIC_NO_PIC = NO;
				GCC_NO_COMMON_BLOCKS = YES;
				GCC_OPTIMIZATION_LEVEL = 0;
				GCC_PREPROCESSOR_DEFINITIONS = (
					"DEBUG=1",
					"$(inherited)",
				);
				GCC_SYMBOLS_PRIVATE_EXTERN = NO;
				GCC_WARN_64_TO_32_BIT_CONVERSION = YES;
				GCC_WARN_ABOUT_RETURN_TYPE = YES_ERROR;
				GCC_WARN_UNDECLARED_SELECTOR = YES;
				GCC_WARN_UNINITIALIZED_AUTOS = YES_AGGRESSIVE;
				GCC_WARN_UNUSED_FUNCTION = YES;
				GCC_WARN_UNUSED_VARIABLE = YES;
				IPHONEOS_DEPLOYMENT_TARGET = 8.4;
				MTL_ENABLE_DEBUG_INFO = YES;
				ONLY_ACTIVE_ARCH = YES;
				SDKROOT = iphoneos;
				TARGETED_DEVICE_FAMILY = "1,2";
			};
			name = Debug;
		};
		6F982EEC1C85560200376BFB /* Release */ = {
			isa = XCBuildConfiguration;
			buildSettings = {
				ALWAYS_SEARCH_USER_PATHS = NO;
				CLANG_CXX_LANGUAGE_STANDARD = "gnu++0x";
				CLANG_CXX_LIBRARY = "libc++";
				CLANG_ENABLE_MODULES = YES;
				CLANG_ENABLE_OBJC_ARC = YES;
				CLANG_WARN_BOOL_CONVERSION = YES;
				CLANG_WARN_CONSTANT_CONVERSION = YES;
				CLANG_WARN_DIRECT_OBJC_ISA_USAGE = YES_ERROR;
				CLANG_WARN_EMPTY_BODY = YES;
				CLANG_WARN_ENUM_CONVERSION = YES;
				CLANG_WARN_INT_CONVERSION = YES;
				CLANG_WARN_OBJC_ROOT_CLASS = YES_ERROR;
				CLANG_WARN_UNREACHABLE_CODE = YES;
				CLANG_WARN__DUPLICATE_METHOD_MATCH = YES;
				"CODE_SIGN_IDENTITY[sdk=iphoneos*]" = "iPhone Developer";
				COPY_PHASE_STRIP = NO;
				DEBUG_INFORMATION_FORMAT = "dwarf-with-dsym";
				ENABLE_NS_ASSERTIONS = NO;
				ENABLE_STRICT_OBJC_MSGSEND = YES;
				GCC_C_LANGUAGE_STANDARD = gnu99;
				GCC_NO_COMMON_BLOCKS = YES;
				GCC_WARN_64_TO_32_BIT_CONVERSION = YES;
				GCC_WARN_ABOUT_RETURN_TYPE = YES_ERROR;
				GCC_WARN_UNDECLARED_SELECTOR = YES;
				GCC_WARN_UNINITIALIZED_AUTOS = YES_AGGRESSIVE;
				GCC_WARN_UNUSED_FUNCTION = YES;
				GCC_WARN_UNUSED_VARIABLE = YES;
				IPHONEOS_DEPLOYMENT_TARGET = 8.4;
				MTL_ENABLE_DEBUG_INFO = NO;
				SDKROOT = iphoneos;
				TARGETED_DEVICE_FAMILY = "1,2";
				VALIDATE_PRODUCT = YES;
			};
			name = Release;
		};
		6F982EEE1C85560200376BFB /* Debug */ = {
			isa = XCBuildConfiguration;
			baseConfigurationReference = 0EFC7D4F82C73CDCB08B6506 /* Pods.debug.xcconfig */;
			buildSettings = {
				ASSETCATALOG_COMPILER_APPICON_NAME = AppIcon;
				INFOPLIST_FILE = DictionaryApp/Info.plist;
				IPHONEOS_DEPLOYMENT_TARGET = 7.0;
				LD_RUNPATH_SEARCH_PATHS = "$(inherited) @executable_path/Frameworks";
				PRODUCT_NAME = "$(TARGET_NAME)";
			};
			name = Debug;
		};
		6F982EEF1C85560200376BFB /* Release */ = {
			isa = XCBuildConfiguration;
			baseConfigurationReference = 88DC21076314BB08751D614E /* Pods.release.xcconfig */;
			buildSettings = {
				ASSETCATALOG_COMPILER_APPICON_NAME = AppIcon;
				INFOPLIST_FILE = DictionaryApp/Info.plist;
				IPHONEOS_DEPLOYMENT_TARGET = 7.0;
				LD_RUNPATH_SEARCH_PATHS = "$(inherited) @executable_path/Frameworks";
				PRODUCT_NAME = "$(TARGET_NAME)";
			};
			name = Release;
		};
		6F982EF11C85560200376BFB /* Debug */ = {
			isa = XCBuildConfiguration;
			buildSettings = {
				BUNDLE_LOADER = "$(TEST_HOST)";
				FRAMEWORK_SEARCH_PATHS = (
					"$(SDKROOT)/Developer/Library/Frameworks",
					"$(inherited)",
				);
				GCC_PREPROCESSOR_DEFINITIONS = (
					"DEBUG=1",
					"$(inherited)",
				);
				INFOPLIST_FILE = DictionaryAppTests/Info.plist;
				LD_RUNPATH_SEARCH_PATHS = "$(inherited) @executable_path/Frameworks @loader_path/Frameworks";
				PRODUCT_NAME = "$(TARGET_NAME)";
				TEST_HOST = "$(BUILT_PRODUCTS_DIR)/DictionaryApp.app/DictionaryApp";
			};
			name = Debug;
		};
		6F982EF21C85560200376BFB /* Release */ = {
			isa = XCBuildConfiguration;
			buildSettings = {
				BUNDLE_LOADER = "$(TEST_HOST)";
				FRAMEWORK_SEARCH_PATHS = (
					"$(SDKROOT)/Developer/Library/Frameworks",
					"$(inherited)",
				);
				INFOPLIST_FILE = DictionaryAppTests/Info.plist;
				LD_RUNPATH_SEARCH_PATHS = "$(inherited) @executable_path/Frameworks @loader_path/Frameworks";
				PRODUCT_NAME = "$(TARGET_NAME)";
				TEST_HOST = "$(BUILT_PRODUCTS_DIR)/DictionaryApp.app/DictionaryApp";
			};
			name = Release;
		};
/* End XCBuildConfiguration section */

/* Begin XCConfigurationList section */
		6F982EC51C85560200376BFB /* Build configuration list for PBXProject "DictionaryApp" */ = {
			isa = XCConfigurationList;
			buildConfigurations = (
				6F982EEB1C85560200376BFB /* Debug */,
				6F982EEC1C85560200376BFB /* Release */,
			);
			defaultConfigurationIsVisible = 0;
			defaultConfigurationName = Release;
		};
		6F982EED1C85560200376BFB /* Build configuration list for PBXNativeTarget "DictionaryApp" */ = {
			isa = XCConfigurationList;
			buildConfigurations = (
				6F982EEE1C85560200376BFB /* Debug */,
				6F982EEF1C85560200376BFB /* Release */,
			);
			defaultConfigurationIsVisible = 0;
			defaultConfigurationName = Release;
		};
		6F982EF01C85560200376BFB /* Build configuration list for PBXNativeTarget "DictionaryAppTests" */ = {
			isa = XCConfigurationList;
			buildConfigurations = (
				6F982EF11C85560200376BFB /* Debug */,
				6F982EF21C85560200376BFB /* Release */,
			);
			defaultConfigurationIsVisible = 0;
			defaultConfigurationName = Release;
		};
/* End XCConfigurationList section */
	};
	rootObject = 6F982EC21C85560100376BFB /* Project object */;
}
